// !$*UTF8*$!
{
	archiveVersion = 1;
	classes = {
	};
	objectVersion = 50;
	objects = {

/* Begin PBXBuildFile section */
		30E8268A2503E01900DCB323 /* AppDelegate.swift in Sources */ = {isa = PBXBuildFile; fileRef = 30E826892503E01900DCB323 /* AppDelegate.swift */; };
		30E8268C2503E01900DCB323 /* SceneDelegate.swift in Sources */ = {isa = PBXBuildFile; fileRef = 30E8268B2503E01900DCB323 /* SceneDelegate.swift */; };
		30E8268E2503E01900DCB323 /* ConversationsViewController.swift in Sources */ = {isa = PBXBuildFile; fileRef = 30E8268D2503E01900DCB323 /* ConversationsViewController.swift */; };
		30E826912503E01900DCB323 /* Main.storyboard in Resources */ = {isa = PBXBuildFile; fileRef = 30E8268F2503E01900DCB323 /* Main.storyboard */; };
		30E826932503E01D00DCB323 /* Assets.xcassets in Resources */ = {isa = PBXBuildFile; fileRef = 30E826922503E01D00DCB323 /* Assets.xcassets */; };
		30E826962503E01D00DCB323 /* LaunchScreen.storyboard in Resources */ = {isa = PBXBuildFile; fileRef = 30E826942503E01D00DCB323 /* LaunchScreen.storyboard */; };
		30E826A42503E98700DCB323 /* LoginViewController.swift in Sources */ = {isa = PBXBuildFile; fileRef = 30E826A32503E98700DCB323 /* LoginViewController.swift */; };
		30E826A62503E99500DCB323 /* RegisterViewController.swift in Sources */ = {isa = PBXBuildFile; fileRef = 30E826A52503E99500DCB323 /* RegisterViewController.swift */; };
		30E826A92503E9BA00DCB323 /* PhotoViewerViewController.swift in Sources */ = {isa = PBXBuildFile; fileRef = 30E826A82503E9BA00DCB323 /* PhotoViewerViewController.swift */; };
		30E826AB2503E9CA00DCB323 /* VideoPlayerViewController.swift in Sources */ = {isa = PBXBuildFile; fileRef = 30E826AA2503E9CA00DCB323 /* VideoPlayerViewController.swift */; };
		30E826AD2503EA0A00DCB323 /* NewConversationViewController.swift in Sources */ = {isa = PBXBuildFile; fileRef = 30E826AC2503EA0A00DCB323 /* NewConversationViewController.swift */; };
		30E826AF2503EA1600DCB323 /* ProfileViewController.swift in Sources */ = {isa = PBXBuildFile; fileRef = 30E826AE2503EA1600DCB323 /* ProfileViewController.swift */; };
		30E826B12503EF1500DCB323 /* Default-568h@2x.png in Resources */ = {isa = PBXBuildFile; fileRef = 30E826B02503EF1500DCB323 /* Default-568h@2x.png */; };
		30E826B32503FC9200DCB323 /* Extentions.swift in Sources */ = {isa = PBXBuildFile; fileRef = 30E826B22503FC9200DCB323 /* Extentions.swift */; };
/* End PBXBuildFile section */

/* Begin PBXFileReference section */
		30E826862503E01900DCB323 /* Messanger.app */ = {isa = PBXFileReference; explicitFileType = wrapper.application; includeInIndex = 0; path = Messanger.app; sourceTree = BUILT_PRODUCTS_DIR; };
		30E826892503E01900DCB323 /* AppDelegate.swift */ = {isa = PBXFileReference; lastKnownFileType = sourcecode.swift; path = AppDelegate.swift; sourceTree = "<group>"; };
		30E8268B2503E01900DCB323 /* SceneDelegate.swift */ = {isa = PBXFileReference; lastKnownFileType = sourcecode.swift; path = SceneDelegate.swift; sourceTree = "<group>"; };
		30E8268D2503E01900DCB323 /* ConversationsViewController.swift */ = {isa = PBXFileReference; lastKnownFileType = sourcecode.swift; path = ConversationsViewController.swift; sourceTree = "<group>"; };
		30E826902503E01900DCB323 /* Base */ = {isa = PBXFileReference; lastKnownFileType = file.storyboard; name = Base; path = Base.lproj/Main.storyboard; sourceTree = "<group>"; };
		30E826922503E01D00DCB323 /* Assets.xcassets */ = {isa = PBXFileReference; lastKnownFileType = folder.assetcatalog; path = Assets.xcassets; sourceTree = "<group>"; };
		30E826952503E01D00DCB323 /* Base */ = {isa = PBXFileReference; lastKnownFileType = file.storyboard; name = Base; path = Base.lproj/LaunchScreen.storyboard; sourceTree = "<group>"; };
		30E826972503E01D00DCB323 /* Info.plist */ = {isa = PBXFileReference; lastKnownFileType = text.plist.xml; path = Info.plist; sourceTree = "<group>"; };
		30E826A32503E98700DCB323 /* LoginViewController.swift */ = {isa = PBXFileReference; lastKnownFileType = sourcecode.swift; path = LoginViewController.swift; sourceTree = "<group>"; };
		30E826A52503E99500DCB323 /* RegisterViewController.swift */ = {isa = PBXFileReference; lastKnownFileType = sourcecode.swift; path = RegisterViewController.swift; sourceTree = "<group>"; };
		30E826A82503E9BA00DCB323 /* PhotoViewerViewController.swift */ = {isa = PBXFileReference; lastKnownFileType = sourcecode.swift; path = PhotoViewerViewController.swift; sourceTree = "<group>"; };
		30E826AA2503E9CA00DCB323 /* VideoPlayerViewController.swift */ = {isa = PBXFileReference; lastKnownFileType = sourcecode.swift; path = VideoPlayerViewController.swift; sourceTree = "<group>"; };
		30E826AC2503EA0A00DCB323 /* NewConversationViewController.swift */ = {isa = PBXFileReference; lastKnownFileType = sourcecode.swift; path = NewConversationViewController.swift; sourceTree = "<group>"; };
		30E826AE2503EA1600DCB323 /* ProfileViewController.swift */ = {isa = PBXFileReference; lastKnownFileType = sourcecode.swift; path = ProfileViewController.swift; sourceTree = "<group>"; };
		30E826B02503EF1500DCB323 /* Default-568h@2x.png */ = {isa = PBXFileReference; lastKnownFileType = image.png; path = "Default-568h@2x.png"; sourceTree = "<group>"; };
		30E826B22503FC9200DCB323 /* Extentions.swift */ = {isa = PBXFileReference; lastKnownFileType = sourcecode.swift; path = Extentions.swift; sourceTree = "<group>"; };
/* End PBXFileReference section */

/* Begin PBXFrameworksBuildPhase section */
		30E826832503E01900DCB323 /* Frameworks */ = {
			isa = PBXFrameworksBuildPhase;
			buildActionMask = 2147483647;
			files = (
			);
			runOnlyForDeploymentPostprocessing = 0;
		};
/* End PBXFrameworksBuildPhase section */

/* Begin PBXGroup section */
		30E8267D2503E01900DCB323 = {
			isa = PBXGroup;
			children = (
				30E826B02503EF1500DCB323 /* Default-568h@2x.png */,
				30E826882503E01900DCB323 /* Messanger */,
				30E826872503E01900DCB323 /* Products */,
			);
			sourceTree = "<group>";
		};
		30E826872503E01900DCB323 /* Products */ = {
			isa = PBXGroup;
			children = (
				30E826862503E01900DCB323 /* Messanger.app */,
			);
			name = Products;
			sourceTree = "<group>";
		};
		30E826882503E01900DCB323 /* Messanger */ = {
			isa = PBXGroup;
			children = (
				30E826972503E01D00DCB323 /* Info.plist */,
				30E826A12503E05300DCB323 /* Resources */,
				30E826A02503E04A00DCB323 /* ViewModel */,
				30E8269F2503E04400DCB323 /* View */,
				30E8269E2503E03400DCB323 /* Model */,
				30E8269D2503E02800DCB323 /* Controllers */,
			);
			path = Messanger;
			sourceTree = "<group>";
		};
		30E8269D2503E02800DCB323 /* Controllers */ = {
			isa = PBXGroup;
			children = (
				30E8268D2503E01900DCB323 /* ConversationsViewController.swift */,
				30E826A32503E98700DCB323 /* LoginViewController.swift */,
				30E826A52503E99500DCB323 /* RegisterViewController.swift */,
				30E826A82503E9BA00DCB323 /* PhotoViewerViewController.swift */,
				30E826AA2503E9CA00DCB323 /* VideoPlayerViewController.swift */,
				30E826AC2503EA0A00DCB323 /* NewConversationViewController.swift */,
				30E826AE2503EA1600DCB323 /* ProfileViewController.swift */,
			);
			path = Controllers;
			sourceTree = "<group>";
		};
		30E8269E2503E03400DCB323 /* Model */ = {
			isa = PBXGroup;
			children = (
			);
			path = Model;
			sourceTree = "<group>";
		};
		30E8269F2503E04400DCB323 /* View */ = {
			isa = PBXGroup;
			children = (
				30E826A22503E06A00DCB323 /* StoryBoards */,
			);
			path = View;
			sourceTree = "<group>";
		};
		30E826A02503E04A00DCB323 /* ViewModel */ = {
			isa = PBXGroup;
			children = (
			);
			path = ViewModel;
			sourceTree = "<group>";
		};
		30E826A12503E05300DCB323 /* Resources */ = {
			isa = PBXGroup;
			children = (
				30E826892503E01900DCB323 /* AppDelegate.swift */,
				30E8268B2503E01900DCB323 /* SceneDelegate.swift */,
				30E826922503E01D00DCB323 /* Assets.xcassets */,
				30E826B22503FC9200DCB323 /* Extentions.swift */,
			);
			path = Resources;
			sourceTree = "<group>";
		};
		30E826A22503E06A00DCB323 /* StoryBoards */ = {
			isa = PBXGroup;
			children = (
				30E8268F2503E01900DCB323 /* Main.storyboard */,
				30E826942503E01D00DCB323 /* LaunchScreen.storyboard */,
			);
			path = StoryBoards;
			sourceTree = "<group>";
		};
/* End PBXGroup section */

/* Begin PBXNativeTarget section */
		30E826852503E01900DCB323 /* Messanger */ = {
			isa = PBXNativeTarget;
			buildConfigurationList = 30E8269A2503E01D00DCB323 /* Build configuration list for PBXNativeTarget "Messanger" */;
			buildPhases = (
				30E826822503E01900DCB323 /* Sources */,
				30E826832503E01900DCB323 /* Frameworks */,
				30E826842503E01900DCB323 /* Resources */,
			);
			buildRules = (
			);
			dependencies = (
			);
			name = Messanger;
			productName = Messanger;
			productReference = 30E826862503E01900DCB323 /* Messanger.app */;
			productType = "com.apple.product-type.application";
		};
/* End PBXNativeTarget section */

/* Begin PBXProject section */
		30E8267E2503E01900DCB323 /* Project object */ = {
			isa = PBXProject;
			attributes = {
				LastSwiftUpdateCheck = 1110;
				LastUpgradeCheck = 1110;
				ORGANIZATIONNAME = imart;
				TargetAttributes = {
					30E826852503E01900DCB323 = {
						CreatedOnToolsVersion = 11.1;
					};
				};
			};
			buildConfigurationList = 30E826812503E01900DCB323 /* Build configuration list for PBXProject "Messanger" */;
			compatibilityVersion = "Xcode 9.3";
			developmentRegion = en;
			hasScannedForEncodings = 0;
			knownRegions = (
				en,
				Base,
			);
			mainGroup = 30E8267D2503E01900DCB323;
			productRefGroup = 30E826872503E01900DCB323 /* Products */;
			projectDirPath = "";
			projectRoot = "";
			targets = (
				30E826852503E01900DCB323 /* Messanger */,
			);
		};
/* End PBXProject section */

/* Begin PBXResourcesBuildPhase section */
		30E826842503E01900DCB323 /* Resources */ = {
			isa = PBXResourcesBuildPhase;
			buildActionMask = 2147483647;
			files = (
				30E826962503E01D00DCB323 /* LaunchScreen.storyboard in Resources */,
				30E826B12503EF1500DCB323 /* Default-568h@2x.png in Resources */,
				30E826932503E01D00DCB323 /* Assets.xcassets in Resources */,
				30E826912503E01900DCB323 /* Main.storyboard in Resources */,
			);
			runOnlyForDeploymentPostprocessing = 0;
		};
/* End PBXResourcesBuildPhase section */

/* Begin PBXSourcesBuildPhase section */
		30E826822503E01900DCB323 /* Sources */ = {
			isa = PBXSourcesBuildPhase;
			buildActionMask = 2147483647;
			files = (
				30E826A42503E98700DCB323 /* LoginViewController.swift in Sources */,
				30E826A62503E99500DCB323 /* RegisterViewController.swift in Sources */,
				30E826B32503FC9200DCB323 /* Extentions.swift in Sources */,
				30E826AD2503EA0A00DCB323 /* NewConversationViewController.swift in Sources */,
				30E8268E2503E01900DCB323 /* ConversationsViewController.swift in Sources */,
				30E826AB2503E9CA00DCB323 /* VideoPlayerViewController.swift in Sources */,
				30E8268A2503E01900DCB323 /* AppDelegate.swift in Sources */,
				30E826AF2503EA1600DCB323 /* ProfileViewController.swift in Sources */,
				30E8268C2503E01900DCB323 /* SceneDelegate.swift in Sources */,
				30E826A92503E9BA00DCB323 /* PhotoViewerViewController.swift in Sources */,
			);
			runOnlyForDeploymentPostprocessing = 0;
		};
/* End PBXSourcesBuildPhase section */

/* Begin PBXVariantGroup section */
		30E8268F2503E01900DCB323 /* Main.storyboard */ = {
			isa = PBXVariantGroup;
			children = (
				30E826902503E01900DCB323 /* Base */,
			);
			name = Main.storyboard;
			sourceTree = "<group>";
		};
		30E826942503E01D00DCB323 /* LaunchScreen.storyboard */ = {
			isa = PBXVariantGroup;
			children = (
				30E826952503E01D00DCB323 /* Base */,
			);
			name = LaunchScreen.storyboard;
			sourceTree = "<group>";
		};
/* End PBXVariantGroup section */

/* Begin XCBuildConfiguration section */
		30E826982503E01D00DCB323 /* Debug */ = {
			isa = XCBuildConfiguration;
			buildSettings = {
				ALWAYS_SEARCH_USER_PATHS = NO;
				CLANG_ANALYZER_NONNULL = YES;
				CLANG_ANALYZER_NUMBER_OBJECT_CONVERSION = YES_AGGRESSIVE;
				CLANG_CXX_LANGUAGE_STANDARD = "gnu++14";
				CLANG_CXX_LIBRARY = "libc++";
				CLANG_ENABLE_MODULES = YES;
				CLANG_ENABLE_OBJC_ARC = YES;
				CLANG_ENABLE_OBJC_WEAK = YES;
				CLANG_WARN_BLOCK_CAPTURE_AUTORELEASING = YES;
				CLANG_WARN_BOOL_CONVERSION = YES;
				CLANG_WARN_COMMA = YES;
				CLANG_WARN_CONSTANT_CONVERSION = YES;
				CLANG_WARN_DEPRECATED_OBJC_IMPLEMENTATIONS = YES;
				CLANG_WARN_DIRECT_OBJC_ISA_USAGE = YES_ERROR;
				CLANG_WARN_DOCUMENTATION_COMMENTS = YES;
				CLANG_WARN_EMPTY_BODY = YES;
				CLANG_WARN_ENUM_CONVERSION = YES;
				CLANG_WARN_INFINITE_RECURSION = YES;
				CLANG_WARN_INT_CONVERSION = YES;
				CLANG_WARN_NON_LITERAL_NULL_CONVERSION = YES;
				CLANG_WARN_OBJC_IMPLICIT_RETAIN_SELF = YES;
				CLANG_WARN_OBJC_LITERAL_CONVERSION = YES;
				CLANG_WARN_OBJC_ROOT_CLASS = YES_ERROR;
				CLANG_WARN_RANGE_LOOP_ANALYSIS = YES;
				CLANG_WARN_STRICT_PROTOTYPES = YES;
				CLANG_WARN_SUSPICIOUS_MOVE = YES;
				CLANG_WARN_UNGUARDED_AVAILABILITY = YES_AGGRESSIVE;
				CLANG_WARN_UNREACHABLE_CODE = YES;
				CLANG_WARN__DUPLICATE_METHOD_MATCH = YES;
				COPY_PHASE_STRIP = NO;
				DEBUG_INFORMATION_FORMAT = dwarf;
				ENABLE_STRICT_OBJC_MSGSEND = YES;
				ENABLE_TESTABILITY = YES;
				GCC_C_LANGUAGE_STANDARD = gnu11;
				GCC_DYNAMIC_NO_PIC = NO;
				GCC_NO_COMMON_BLOCKS = YES;
				GCC_OPTIMIZATION_LEVEL = 0;
				GCC_PREPROCESSOR_DEFINITIONS = (
					"DEBUG=1",
					"$(inherited)",
				);
				GCC_WARN_64_TO_32_BIT_CONVERSION = YES;
				GCC_WARN_ABOUT_RETURN_TYPE = YES_ERROR;
				GCC_WARN_UNDECLARED_SELECTOR = YES;
				GCC_WARN_UNINITIALIZED_AUTOS = YES_AGGRESSIVE;
				GCC_WARN_UNUSED_FUNCTION = YES;
				GCC_WARN_UNUSED_VARIABLE = YES;
				IPHONEOS_DEPLOYMENT_TARGET = 13.1;
				MTL_ENABLE_DEBUG_INFO = INCLUDE_SOURCE;
				MTL_FAST_MATH = YES;
				ONLY_ACTIVE_ARCH = YES;
				SDKROOT = iphoneos;
				SWIFT_ACTIVE_COMPILATION_CONDITIONS = DEBUG;
				SWIFT_OPTIMIZATION_LEVEL = "-Onone";
			};
			name = Debug;
		};
		30E826992503E01D00DCB323 /* Release */ = {
			isa = XCBuildConfiguration;
			buildSettings = {
				ALWAYS_SEARCH_USER_PATHS = NO;
				CLANG_ANALYZER_NONNULL = YES;
				CLANG_ANALYZER_NUMBER_OBJECT_CONVERSION = YES_AGGRESSIVE;
				CLANG_CXX_LANGUAGE_STANDARD = "gnu++14";
				CLANG_CXX_LIBRARY = "libc++";
				CLANG_ENABLE_MODULES = YES;
				CLANG_ENABLE_OBJC_ARC = YES;
				CLANG_ENABLE_OBJC_WEAK = YES;
				CLANG_WARN_BLOCK_CAPTURE_AUTORELEASING = YES;
				CLANG_WARN_BOOL_CONVERSION = YES;
				CLANG_WARN_COMMA = YES;
				CLANG_WARN_CONSTANT_CONVERSION = YES;
				CLANG_WARN_DEPRECATED_OBJC_IMPLEMENTATIONS = YES;
				CLANG_WARN_DIRECT_OBJC_ISA_USAGE = YES_ERROR;
				CLANG_WARN_DOCUMENTATION_COMMENTS = YES;
				CLANG_WARN_EMPTY_BODY = YES;
				CLANG_WARN_ENUM_CONVERSION = YES;
				CLANG_WARN_INFINITE_RECURSION = YES;
				CLANG_WARN_INT_CONVERSION = YES;
				CLANG_WARN_NON_LITERAL_NULL_CONVERSION = YES;
				CLANG_WARN_OBJC_IMPLICIT_RETAIN_SELF = YES;
				CLANG_WARN_OBJC_LITERAL_CONVERSION = YES;
				CLANG_WARN_OBJC_ROOT_CLASS = YES_ERROR;
				CLANG_WARN_RANGE_LOOP_ANALYSIS = YES;
				CLANG_WARN_STRICT_PROTOTYPES = YES;
				CLANG_WARN_SUSPICIOUS_MOVE = YES;
				CLANG_WARN_UNGUARDED_AVAILABILITY = YES_AGGRESSIVE;
				CLANG_WARN_UNREACHABLE_CODE = YES;
				CLANG_WARN__DUPLICATE_METHOD_MATCH = YES;
				COPY_PHASE_STRIP = NO;
				DEBUG_INFORMATION_FORMAT = "dwarf-with-dsym";
				ENABLE_NS_ASSERTIONS = NO;
				ENABLE_STRICT_OBJC_MSGSEND = YES;
				GCC_C_LANGUAGE_STANDARD = gnu11;
				GCC_NO_COMMON_BLOCKS = YES;
				GCC_WARN_64_TO_32_BIT_CONVERSION = YES;
				GCC_WARN_ABOUT_RETURN_TYPE = YES_ERROR;
				GCC_WARN_UNDECLARED_SELECTOR = YES;
				GCC_WARN_UNINITIALIZED_AUTOS = YES_AGGRESSIVE;
				GCC_WARN_UNUSED_FUNCTION = YES;
				GCC_WARN_UNUSED_VARIABLE = YES;
				IPHONEOS_DEPLOYMENT_TARGET = 13.1;
				MTL_ENABLE_DEBUG_INFO = NO;
				MTL_FAST_MATH = YES;
				SDKROOT = iphoneos;
				SWIFT_COMPILATION_MODE = wholemodule;
				SWIFT_OPTIMIZATION_LEVEL = "-O";
				VALIDATE_PRODUCT = YES;
			};
			name = Release;
		};
		30E8269B2503E01D00DCB323 /* Debug */ = {
			isa = XCBuildConfiguration;
			buildSettings = {
				ASSETCATALOG_COMPILER_APPICON_NAME = AppIcon;
				CODE_SIGN_STYLE = Automatic;
				INFOPLIST_FILE = Messanger/Info.plist;
				LD_RUNPATH_SEARCH_PATHS = (
					"$(inherited)",
					"@executable_path/Frameworks",
				);
				PRODUCT_BUNDLE_IDENTIFIER = ankit.Messanger;
				PRODUCT_NAME = "$(TARGET_NAME)";
				SWIFT_VERSION = 5.0;
				TARGETED_DEVICE_FAMILY = "1,2";
			};
			name = Debug;
		};
		30E8269C2503E01D00DCB323 /* Release */ = {
			isa = XCBuildConfiguration;
			buildSettings = {
				ASSETCATALOG_COMPILER_APPICON_NAME = AppIcon;
				CODE_SIGN_STYLE = Automatic;
				INFOPLIST_FILE = Messanger/Info.plist;
				LD_RUNPATH_SEARCH_PATHS = (
					"$(inherited)",
					"@executable_path/Frameworks",
				);
				PRODUCT_BUNDLE_IDENTIFIER = ankit.Messanger;
				PRODUCT_NAME = "$(TARGET_NAME)";
				SWIFT_VERSION = 5.0;
				TARGETED_DEVICE_FAMILY = "1,2";
			};
			name = Release;
		};
/* End XCBuildConfiguration section */

/* Begin XCConfigurationList section */
		30E826812503E01900DCB323 /* Build configuration list for PBXProject "Messanger" */ = {
			isa = XCConfigurationList;
			buildConfigurations = (
				30E826982503E01D00DCB323 /* Debug */,
				30E826992503E01D00DCB323 /* Release */,
			);
			defaultConfigurationIsVisible = 0;
			defaultConfigurationName = Release;
		};
		30E8269A2503E01D00DCB323 /* Build configuration list for PBXNativeTarget "Messanger" */ = {
			isa = XCConfigurationList;
			buildConfigurations = (
				30E8269B2503E01D00DCB323 /* Debug */,
				30E8269C2503E01D00DCB323 /* Release */,
			);
			defaultConfigurationIsVisible = 0;
			defaultConfigurationName = Release;
		};
/* End XCConfigurationList section */
	};
	rootObject = 30E8267E2503E01900DCB323 /* Project object */;
}
